// !$*UTF8*$!
{
	archiveVersion = 1;
	classes = {
	};
	objectVersion = 55;
	objects = {

/* Begin PBXBuildFile section */
		4AC21F9927DF3FA600D0DDBC /* LandmarksApp.swift in Sources */ = {isa = PBXBuildFile; fileRef = 4AC21F9827DF3FA600D0DDBC /* LandmarksApp.swift */; };
		4AC21F9B27DF3FA600D0DDBC /* ContentView.swift in Sources */ = {isa = PBXBuildFile; fileRef = 4AC21F9A27DF3FA600D0DDBC /* ContentView.swift */; };
		4AC21F9D27DF3FA800D0DDBC /* Assets.xcassets in Resources */ = {isa = PBXBuildFile; fileRef = 4AC21F9C27DF3FA800D0DDBC /* Assets.xcassets */; };
		4AC21FA027DF3FA800D0DDBC /* Preview Assets.xcassets in Resources */ = {isa = PBXBuildFile; fileRef = 4AC21F9F27DF3FA800D0DDBC /* Preview Assets.xcassets */; };
		4AC21FAB27DF3FA900D0DDBC /* test01Tests.swift in Sources */ = {isa = PBXBuildFile; fileRef = 4AC21FAA27DF3FA900D0DDBC /* test01Tests.swift */; };
		4AC21FB527DF3FA900D0DDBC /* test01UITests.swift in Sources */ = {isa = PBXBuildFile; fileRef = 4AC21FB427DF3FA900D0DDBC /* test01UITests.swift */; };
		4AC21FB727DF3FA900D0DDBC /* test01UITestsLaunchTests.swift in Sources */ = {isa = PBXBuildFile; fileRef = 4AC21FB627DF3FA900D0DDBC /* test01UITestsLaunchTests.swift */; };
		4AC21FC427DF72C200D0DDBC /* CircleImage.swift in Sources */ = {isa = PBXBuildFile; fileRef = 4AC21FC327DF72C200D0DDBC /* CircleImage.swift */; };
		4AC21FC627DF73BB00D0DDBC /* MapView.swift in Sources */ = {isa = PBXBuildFile; fileRef = 4AC21FC527DF73BB00D0DDBC /* MapView.swift */; };
		4AD561AE27E2D076000171B0 /* landmarkData.json in Resources */ = {isa = PBXBuildFile; fileRef = 4AD561AD27E2D076000171B0 /* landmarkData.json */; };
		4AD561B027E2D0AA000171B0 /* Landmark.swift in Sources */ = {isa = PBXBuildFile; fileRef = 4AD561AF27E2D0AA000171B0 /* Landmark.swift */; };
		4AD561B227E2D229000171B0 /* ModelData.swift in Sources */ = {isa = PBXBuildFile; fileRef = 4AD561B127E2D229000171B0 /* ModelData.swift */; };
		4AD561B727E2D648000171B0 /* LandmarkRow.swift in Sources */ = {isa = PBXBuildFile; fileRef = 4AD561B627E2D648000171B0 /* LandmarkRow.swift */; };
		4AD561B927E2D8E2000171B0 /* LandmarkList.swift in Sources */ = {isa = PBXBuildFile; fileRef = 4AD561B827E2D8E2000171B0 /* LandmarkList.swift */; };
		4AD561BB27E2DA0D000171B0 /* LandmarkDetail.swift in Sources */ = {isa = PBXBuildFile; fileRef = 4AD561BA27E2DA0D000171B0 /* LandmarkDetail.swift */; };
		4AD561BD27E58E73000171B0 /* FavoriteButton.swift in Sources */ = {isa = PBXBuildFile; fileRef = 4AD561BC27E58E73000171B0 /* FavoriteButton.swift */; };
		4AD561C127E5C73F000171B0 /* HexagonParameters.swift in Sources */ = {isa = PBXBuildFile; fileRef = 4AD561C027E5C73F000171B0 /* HexagonParameters.swift */; };
		4AD561C327E5CA45000171B0 /* Badgebackground.swift in Sources */ = {isa = PBXBuildFile; fileRef = 4AD561C227E5CA45000171B0 /* Badgebackground.swift */; };
		4AD561C527E5D00D000171B0 /* BadgeSymbol.swift in Sources */ = {isa = PBXBuildFile; fileRef = 4AD561C427E5D00D000171B0 /* BadgeSymbol.swift */; };
		4AD561C727E5D234000171B0 /* RotatedBadgeSymbol.swift in Sources */ = {isa = PBXBuildFile; fileRef = 4AD561C627E5D234000171B0 /* RotatedBadgeSymbol.swift */; };
		4AD561C927E5D2A7000171B0 /* Badge.swift in Sources */ = {isa = PBXBuildFile; fileRef = 4AD561C827E5D2A7000171B0 /* Badge.swift */; };
		4AD561CC27E5D5FC000171B0 /* hikeData.json in Resources */ = {isa = PBXBuildFile; fileRef = 4AD561CB27E5D5FC000171B0 /* hikeData.json */; };
		4AD561CE27E5D61F000171B0 /* Hike.swift in Sources */ = {isa = PBXBuildFile; fileRef = 4AD561CD27E5D61F000171B0 /* Hike.swift */; };
		4AD561D427E5D734000171B0 /* GraphCapsule.swift in Sources */ = {isa = PBXBuildFile; fileRef = 4AD561D027E5D734000171B0 /* GraphCapsule.swift */; };
		4AD561D527E5D734000171B0 /* HikeGraph.swift in Sources */ = {isa = PBXBuildFile; fileRef = 4AD561D127E5D734000171B0 /* HikeGraph.swift */; };
		4AD561D627E5D734000171B0 /* HikeDetail.swift in Sources */ = {isa = PBXBuildFile; fileRef = 4AD561D227E5D734000171B0 /* HikeDetail.swift */; };
		4AD561D727E5D734000171B0 /* HikeView.swift in Sources */ = {isa = PBXBuildFile; fileRef = 4AD561D327E5D734000171B0 /* HikeView.swift */; };
		4AD561DA27E6ED88000171B0 /* CategoryHome.swift in Sources */ = {isa = PBXBuildFile; fileRef = 4AD561D927E6ED88000171B0 /* CategoryHome.swift */; };
		4AD561DC27E7F297000171B0 /* CategoryRow.swift in Sources */ = {isa = PBXBuildFile; fileRef = 4AD561DB27E7F297000171B0 /* CategoryRow.swift */; };
		4AD561DE27E7F44B000171B0 /* CategoryItem.swift in Sources */ = {isa = PBXBuildFile; fileRef = 4AD561DD27E7F44B000171B0 /* CategoryItem.swift */; };
		4AD561E027E7FE3B000171B0 /* Profile.swift in Sources */ = {isa = PBXBuildFile; fileRef = 4AD561DF27E7FE3B000171B0 /* Profile.swift */; };
		4AD561E227E7FF34000171B0 /* ProfileHost.swift in Sources */ = {isa = PBXBuildFile; fileRef = 4AD561E127E7FF34000171B0 /* ProfileHost.swift */; };
		4AD561E427E81D8A000171B0 /* ProfileSummary.swift in Sources */ = {isa = PBXBuildFile; fileRef = 4AD561E327E81D8A000171B0 /* ProfileSummary.swift */; };
		4AD561E627E81EE3000171B0 /* HikeBadge.swift in Sources */ = {isa = PBXBuildFile; fileRef = 4AD561E527E81EE3000171B0 /* HikeBadge.swift */; };
		4AD561E827EA19C4000171B0 /* ProfileEditor.swift in Sources */ = {isa = PBXBuildFile; fileRef = 4AD561E727EA19C4000171B0 /* ProfileEditor.swift */; };
		4AD561ED27EAABC3000171B0 /* PageViewController.swift in Sources */ = {isa = PBXBuildFile; fileRef = 4AD561EC27EAABC3000171B0 /* PageViewController.swift */; };
		4AD561EF27EAAEA0000171B0 /* FeatureCard.swift in Sources */ = {isa = PBXBuildFile; fileRef = 4AD561EE27EAAEA0000171B0 /* FeatureCard.swift */; };
		4AD561F127EAB4CA000171B0 /* PageView.swift in Sources */ = {isa = PBXBuildFile; fileRef = 4AD561F027EAB4CA000171B0 /* PageView.swift */; };
		4AD561F327EAB692000171B0 /* PageControl.swift in Sources */ = {isa = PBXBuildFile; fileRef = 4AD561F227EAB692000171B0 /* PageControl.swift */; };
/* End PBXBuildFile section */

/* Begin PBXContainerItemProxy section */
		4AC21FA727DF3FA900D0DDBC /* PBXContainerItemProxy */ = {
			isa = PBXContainerItemProxy;
			containerPortal = 4AC21F8D27DF3FA600D0DDBC /* Project object */;
			proxyType = 1;
			remoteGlobalIDString = 4AC21F9427DF3FA600D0DDBC;
			remoteInfo = test01;
		};
		4AC21FB127DF3FA900D0DDBC /* PBXContainerItemProxy */ = {
			isa = PBXContainerItemProxy;
			containerPortal = 4AC21F8D27DF3FA600D0DDBC /* Project object */;
			proxyType = 1;
			remoteGlobalIDString = 4AC21F9427DF3FA600D0DDBC;
			remoteInfo = test01;
		};
/* End PBXContainerItemProxy section */

/* Begin PBXFileReference section */
		4AC21F9527DF3FA600D0DDBC /* test01.app */ = {isa = PBXFileReference; explicitFileType = wrapper.application; includeInIndex = 0; path = test01.app; sourceTree = BUILT_PRODUCTS_DIR; };
		4AC21F9827DF3FA600D0DDBC /* LandmarksApp.swift */ = {isa = PBXFileReference; lastKnownFileType = sourcecode.swift; path = LandmarksApp.swift; sourceTree = "<group>"; };
		4AC21F9A27DF3FA600D0DDBC /* ContentView.swift */ = {isa = PBXFileReference; lastKnownFileType = sourcecode.swift; path = ContentView.swift; sourceTree = "<group>"; };
		4AC21F9C27DF3FA800D0DDBC /* Assets.xcassets */ = {isa = PBXFileReference; lastKnownFileType = folder.assetcatalog; path = Assets.xcassets; sourceTree = "<group>"; };
		4AC21F9F27DF3FA800D0DDBC /* Preview Assets.xcassets */ = {isa = PBXFileReference; lastKnownFileType = folder.assetcatalog; path = "Preview Assets.xcassets"; sourceTree = "<group>"; };
		4AC21FA127DF3FA800D0DDBC /* test01.entitlements */ = {isa = PBXFileReference; lastKnownFileType = text.plist.entitlements; path = test01.entitlements; sourceTree = "<group>"; };
		4AC21FA627DF3FA900D0DDBC /* test01Tests.xctest */ = {isa = PBXFileReference; explicitFileType = wrapper.cfbundle; includeInIndex = 0; path = test01Tests.xctest; sourceTree = BUILT_PRODUCTS_DIR; };
		4AC21FAA27DF3FA900D0DDBC /* test01Tests.swift */ = {isa = PBXFileReference; lastKnownFileType = sourcecode.swift; path = test01Tests.swift; sourceTree = "<group>"; };
		4AC21FB027DF3FA900D0DDBC /* test01UITests.xctest */ = {isa = PBXFileReference; explicitFileType = wrapper.cfbundle; includeInIndex = 0; path = test01UITests.xctest; sourceTree = BUILT_PRODUCTS_DIR; };
		4AC21FB427DF3FA900D0DDBC /* test01UITests.swift */ = {isa = PBXFileReference; lastKnownFileType = sourcecode.swift; path = test01UITests.swift; sourceTree = "<group>"; };
		4AC21FB627DF3FA900D0DDBC /* test01UITestsLaunchTests.swift */ = {isa = PBXFileReference; lastKnownFileType = sourcecode.swift; path = test01UITestsLaunchTests.swift; sourceTree = "<group>"; };
		4AC21FC327DF72C200D0DDBC /* CircleImage.swift */ = {isa = PBXFileReference; lastKnownFileType = sourcecode.swift; path = CircleImage.swift; sourceTree = "<group>"; };
		4AC21FC527DF73BB00D0DDBC /* MapView.swift */ = {isa = PBXFileReference; lastKnownFileType = sourcecode.swift; path = MapView.swift; sourceTree = "<group>"; };
		4AD561AD27E2D076000171B0 /* landmarkData.json */ = {isa = PBXFileReference; fileEncoding = 4; lastKnownFileType = text.json; path = landmarkData.json; sourceTree = "<group>"; };
		4AD561AF27E2D0AA000171B0 /* Landmark.swift */ = {isa = PBXFileReference; lastKnownFileType = sourcecode.swift; path = Landmark.swift; sourceTree = "<group>"; };
		4AD561B127E2D229000171B0 /* ModelData.swift */ = {isa = PBXFileReference; lastKnownFileType = sourcecode.swift; path = ModelData.swift; sourceTree = "<group>"; };
		4AD561B627E2D648000171B0 /* LandmarkRow.swift */ = {isa = PBXFileReference; lastKnownFileType = sourcecode.swift; name = LandmarkRow.swift; path = test01/Views/Landmarks/LandmarkRow.swift; sourceTree = SOURCE_ROOT; };
		4AD561B827E2D8E2000171B0 /* LandmarkList.swift */ = {isa = PBXFileReference; lastKnownFileType = sourcecode.swift; path = LandmarkList.swift; sourceTree = "<group>"; };
		4AD561BA27E2DA0D000171B0 /* LandmarkDetail.swift */ = {isa = PBXFileReference; lastKnownFileType = sourcecode.swift; path = LandmarkDetail.swift; sourceTree = "<group>"; };
		4AD561BC27E58E73000171B0 /* FavoriteButton.swift */ = {isa = PBXFileReference; lastKnownFileType = sourcecode.swift; path = FavoriteButton.swift; sourceTree = "<group>"; };
		4AD561C027E5C73F000171B0 /* HexagonParameters.swift */ = {isa = PBXFileReference; lastKnownFileType = sourcecode.swift; path = HexagonParameters.swift; sourceTree = "<group>"; };
		4AD561C227E5CA45000171B0 /* Badgebackground.swift */ = {isa = PBXFileReference; lastKnownFileType = sourcecode.swift; path = Badgebackground.swift; sourceTree = "<group>"; };
		4AD561C427E5D00D000171B0 /* BadgeSymbol.swift */ = {isa = PBXFileReference; lastKnownFileType = sourcecode.swift; path = BadgeSymbol.swift; sourceTree = "<group>"; };
		4AD561C627E5D234000171B0 /* RotatedBadgeSymbol.swift */ = {isa = PBXFileReference; lastKnownFileType = sourcecode.swift; path = RotatedBadgeSymbol.swift; sourceTree = "<group>"; };
		4AD561C827E5D2A7000171B0 /* Badge.swift */ = {isa = PBXFileReference; lastKnownFileType = sourcecode.swift; path = Badge.swift; sourceTree = "<group>"; };
		4AD561CB27E5D5FC000171B0 /* hikeData.json */ = {isa = PBXFileReference; fileEncoding = 4; lastKnownFileType = text.json; path = hikeData.json; sourceTree = "<group>"; };
		4AD561CD27E5D61F000171B0 /* Hike.swift */ = {isa = PBXFileReference; lastKnownFileType = sourcecode.swift; path = Hike.swift; sourceTree = "<group>"; };
		4AD561D027E5D734000171B0 /* GraphCapsule.swift */ = {isa = PBXFileReference; fileEncoding = 4; lastKnownFileType = sourcecode.swift; path = GraphCapsule.swift; sourceTree = "<group>"; };
		4AD561D127E5D734000171B0 /* HikeGraph.swift */ = {isa = PBXFileReference; fileEncoding = 4; lastKnownFileType = sourcecode.swift; path = HikeGraph.swift; sourceTree = "<group>"; };
		4AD561D227E5D734000171B0 /* HikeDetail.swift */ = {isa = PBXFileReference; fileEncoding = 4; lastKnownFileType = sourcecode.swift; path = HikeDetail.swift; sourceTree = "<group>"; };
		4AD561D327E5D734000171B0 /* HikeView.swift */ = {isa = PBXFileReference; fileEncoding = 4; lastKnownFileType = sourcecode.swift; path = HikeView.swift; sourceTree = "<group>"; };
		4AD561D927E6ED88000171B0 /* CategoryHome.swift */ = {isa = PBXFileReference; lastKnownFileType = sourcecode.swift; path = CategoryHome.swift; sourceTree = "<group>"; };
		4AD561DB27E7F297000171B0 /* CategoryRow.swift */ = {isa = PBXFileReference; lastKnownFileType = sourcecode.swift; path = CategoryRow.swift; sourceTree = "<group>"; };
		4AD561DD27E7F44B000171B0 /* CategoryItem.swift */ = {isa = PBXFileReference; lastKnownFileType = sourcecode.swift; path = CategoryItem.swift; sourceTree = "<group>"; };
		4AD561DF27E7FE3B000171B0 /* Profile.swift */ = {isa = PBXFileReference; lastKnownFileType = sourcecode.swift; path = Profile.swift; sourceTree = "<group>"; };
		4AD561E127E7FF34000171B0 /* ProfileHost.swift */ = {isa = PBXFileReference; lastKnownFileType = sourcecode.swift; path = ProfileHost.swift; sourceTree = "<group>"; };
		4AD561E327E81D8A000171B0 /* ProfileSummary.swift */ = {isa = PBXFileReference; lastKnownFileType = sourcecode.swift; path = ProfileSummary.swift; sourceTree = "<group>"; };
		4AD561E527E81EE3000171B0 /* HikeBadge.swift */ = {isa = PBXFileReference; lastKnownFileType = sourcecode.swift; path = HikeBadge.swift; sourceTree = "<group>"; };
		4AD561E727EA19C4000171B0 /* ProfileEditor.swift */ = {isa = PBXFileReference; lastKnownFileType = sourcecode.swift; path = ProfileEditor.swift; sourceTree = "<group>"; };
		4AD561EC27EAABC3000171B0 /* PageViewController.swift */ = {isa = PBXFileReference; lastKnownFileType = sourcecode.swift; path = PageViewController.swift; sourceTree = "<group>"; };
		4AD561EE27EAAEA0000171B0 /* FeatureCard.swift */ = {isa = PBXFileReference; lastKnownFileType = sourcecode.swift; path = FeatureCard.swift; sourceTree = "<group>"; };
		4AD561F027EAB4CA000171B0 /* PageView.swift */ = {isa = PBXFileReference; lastKnownFileType = sourcecode.swift; name = PageView.swift; path = test01/Views/PageView.swift; sourceTree = SOURCE_ROOT; };
		4AD561F227EAB692000171B0 /* PageControl.swift */ = {isa = PBXFileReference; lastKnownFileType = sourcecode.swift; path = PageControl.swift; sourceTree = "<group>"; };
/* End PBXFileReference section */

/* Begin PBXFrameworksBuildPhase section */
		4AC21F9227DF3FA600D0DDBC /* Frameworks */ = {
			isa = PBXFrameworksBuildPhase;
			buildActionMask = 2147483647;
			files = (
			);
			runOnlyForDeploymentPostprocessing = 0;
		};
		4AC21FA327DF3FA900D0DDBC /* Frameworks */ = {
			isa = PBXFrameworksBuildPhase;
			buildActionMask = 2147483647;
			files = (
			);
			runOnlyForDeploymentPostprocessing = 0;
		};
		4AC21FAD27DF3FA900D0DDBC /* Frameworks */ = {
			isa = PBXFrameworksBuildPhase;
			buildActionMask = 2147483647;
			files = (
			);
			runOnlyForDeploymentPostprocessing = 0;
		};
/* End PBXFrameworksBuildPhase section */

/* Begin PBXGroup section */
		4AC21F8C27DF3FA600D0DDBC = {
			isa = PBXGroup;
			children = (
				4AC21F9727DF3FA600D0DDBC /* test01 */,
				4AC21FA927DF3FA900D0DDBC /* test01Tests */,
				4AC21FB327DF3FA900D0DDBC /* test01UITests */,
				4AC21F9627DF3FA600D0DDBC /* Products */,
			);
			sourceTree = "<group>";
		};
		4AC21F9627DF3FA600D0DDBC /* Products */ = {
			isa = PBXGroup;
			children = (
				4AC21F9527DF3FA600D0DDBC /* test01.app */,
				4AC21FA627DF3FA900D0DDBC /* test01Tests.xctest */,
				4AC21FB027DF3FA900D0DDBC /* test01UITests.xctest */,
			);
			name = Products;
			sourceTree = "<group>";
		};
		4AC21F9727DF3FA600D0DDBC /* test01 */ = {
			isa = PBXGroup;
			children = (
				4AC21F9827DF3FA600D0DDBC /* LandmarksApp.swift */,
				4AD561B327E2D589000171B0 /* Views */,
				4AD561B427E2D5B9000171B0 /* Model */,
				4AD561B527E2D5DB000171B0 /* Resources */,
				4AC21F9C27DF3FA800D0DDBC /* Assets.xcassets */,
				4AC21FA127DF3FA800D0DDBC /* test01.entitlements */,
				4AC21F9E27DF3FA800D0DDBC /* Preview Content */,
			);
			path = test01;
			sourceTree = "<group>";
		};
		4AC21F9E27DF3FA800D0DDBC /* Preview Content */ = {
			isa = PBXGroup;
			children = (
				4AC21F9F27DF3FA800D0DDBC /* Preview Assets.xcassets */,
			);
			path = "Preview Content";
			sourceTree = "<group>";
		};
		4AC21FA927DF3FA900D0DDBC /* test01Tests */ = {
			isa = PBXGroup;
			children = (
				4AC21FAA27DF3FA900D0DDBC /* test01Tests.swift */,
			);
			path = test01Tests;
			sourceTree = "<group>";
		};
		4AC21FB327DF3FA900D0DDBC /* test01UITests */ = {
			isa = PBXGroup;
			children = (
				4AC21FB427DF3FA900D0DDBC /* test01UITests.swift */,
				4AC21FB627DF3FA900D0DDBC /* test01UITestsLaunchTests.swift */,
			);
			path = test01UITests;
			sourceTree = "<group>";
		};
		4AD561B327E2D589000171B0 /* Views */ = {
			isa = PBXGroup;
			children = (
				4AC21F9A27DF3FA600D0DDBC /* ContentView.swift */,
				4AD561E127E7FF34000171B0 /* ProfileHost.swift */,
				4AD561E327E81D8A000171B0 /* ProfileSummary.swift */,
				4AD561E727EA19C4000171B0 /* ProfileEditor.swift */,
				4AD561EE27EAAEA0000171B0 /* FeatureCard.swift */,
				4AD561E927EAAB8C000171B0 /* PageView */,
				4AD561D827E6ED57000171B0 /* Categories */,
				4AD561CF27E5D734000171B0 /* Hikes */,
				4AD561CA27E5D357000171B0 /* Badges */,
				4AD561BF27E58F1E000171B0 /* Helpers */,
				4AD561BE27E58F10000171B0 /* Landmarks */,
			);
			path = Views;
			sourceTree = "<group>";
		};
		4AD561B427E2D5B9000171B0 /* Model */ = {
			isa = PBXGroup;
			children = (
				4AD561B127E2D229000171B0 /* ModelData.swift */,
				4AD561AF27E2D0AA000171B0 /* Landmark.swift */,
				4AD561CD27E5D61F000171B0 /* Hike.swift */,
				4AD561DF27E7FE3B000171B0 /* Profile.swift */,
			);
			path = Model;
			sourceTree = "<group>";
		};
		4AD561B527E2D5DB000171B0 /* Resources */ = {
			isa = PBXGroup;
			children = (
				4AD561CB27E5D5FC000171B0 /* hikeData.json */,
				4AD561AD27E2D076000171B0 /* landmarkData.json */,
			);
			path = Resources;
			sourceTree = "<group>";
		};
		4AD561BE27E58F10000171B0 /* Landmarks */ = {
			isa = PBXGroup;
			children = (
				4AD561B827E2D8E2000171B0 /* LandmarkList.swift */,
				4AD561B627E2D648000171B0 /* LandmarkRow.swift */,
				4AD561BA27E2DA0D000171B0 /* LandmarkDetail.swift */,
			);
			path = Landmarks;
			sourceTree = "<group>";
		};
		4AD561BF27E58F1E000171B0 /* Helpers */ = {
			isa = PBXGroup;
			children = (
				4AC21FC327DF72C200D0DDBC /* CircleImage.swift */,
				4AC21FC527DF73BB00D0DDBC /* MapView.swift */,
				4AD561BC27E58E73000171B0 /* FavoriteButton.swift */,
			);
			path = Helpers;
			sourceTree = "<group>";
		};
		4AD561CA27E5D357000171B0 /* Badges */ = {
			isa = PBXGroup;
			children = (
				4AD561C827E5D2A7000171B0 /* Badge.swift */,
				4AD561C227E5CA45000171B0 /* Badgebackground.swift */,
				4AD561C427E5D00D000171B0 /* BadgeSymbol.swift */,
				4AD561C627E5D234000171B0 /* RotatedBadgeSymbol.swift */,
				4AD561C027E5C73F000171B0 /* HexagonParameters.swift */,
			);
			path = Badges;
			sourceTree = "<group>";
		};
		4AD561CF27E5D734000171B0 /* Hikes */ = {
			isa = PBXGroup;
			children = (
				4AD561D027E5D734000171B0 /* GraphCapsule.swift */,
				4AD561D227E5D734000171B0 /* HikeDetail.swift */,
				4AD561D127E5D734000171B0 /* HikeGraph.swift */,
				4AD561D327E5D734000171B0 /* HikeView.swift */,
				4AD561E527E81EE3000171B0 /* HikeBadge.swift */,
			);
			path = Hikes;
			sourceTree = "<group>";
		};
		4AD561D827E6ED57000171B0 /* Categories */ = {
			isa = PBXGroup;
			children = (
				4AD561D927E6ED88000171B0 /* CategoryHome.swift */,
				4AD561DB27E7F297000171B0 /* CategoryRow.swift */,
				4AD561DD27E7F44B000171B0 /* CategoryItem.swift */,
			);
			path = Categories;
			sourceTree = "<group>";
		};
		4AD561E927EAAB8C000171B0 /* PageView */ = {
			isa = PBXGroup;
			children = (
				4AD561F027EAB4CA000171B0 /* PageView.swift */,
				4AD561EC27EAABC3000171B0 /* PageViewController.swift */,
				4AD561F227EAB692000171B0 /* PageControl.swift */,
			);
			path = PageView;
			sourceTree = "<group>";
		};
/* End PBXGroup section */

/* Begin PBXNativeTarget section */
		4AC21F9427DF3FA600D0DDBC /* test01 */ = {
			isa = PBXNativeTarget;
			buildConfigurationList = 4AC21FBA27DF3FA900D0DDBC /* Build configuration list for PBXNativeTarget "test01" */;
			buildPhases = (
				4AC21F9127DF3FA600D0DDBC /* Sources */,
				4AC21F9227DF3FA600D0DDBC /* Frameworks */,
				4AC21F9327DF3FA600D0DDBC /* Resources */,
			);
			buildRules = (
			);
			dependencies = (
			);
			name = test01;
			productName = test01;
			productReference = 4AC21F9527DF3FA600D0DDBC /* test01.app */;
			productType = "com.apple.product-type.application";
		};
		4AC21FA527DF3FA900D0DDBC /* test01Tests */ = {
			isa = PBXNativeTarget;
			buildConfigurationList = 4AC21FBD27DF3FA900D0DDBC /* Build configuration list for PBXNativeTarget "test01Tests" */;
			buildPhases = (
				4AC21FA227DF3FA900D0DDBC /* Sources */,
				4AC21FA327DF3FA900D0DDBC /* Frameworks */,
				4AC21FA427DF3FA900D0DDBC /* Resources */,
			);
			buildRules = (
			);
			dependencies = (
				4AC21FA827DF3FA900D0DDBC /* PBXTargetDependency */,
			);
			name = test01Tests;
			productName = test01Tests;
			productReference = 4AC21FA627DF3FA900D0DDBC /* test01Tests.xctest */;
			productType = "com.apple.product-type.bundle.unit-test";
		};
		4AC21FAF27DF3FA900D0DDBC /* test01UITests */ = {
			isa = PBXNativeTarget;
			buildConfigurationList = 4AC21FC027DF3FA900D0DDBC /* Build configuration list for PBXNativeTarget "test01UITests" */;
			buildPhases = (
				4AC21FAC27DF3FA900D0DDBC /* Sources */,
				4AC21FAD27DF3FA900D0DDBC /* Frameworks */,
				4AC21FAE27DF3FA900D0DDBC /* Resources */,
			);
			buildRules = (
			);
			dependencies = (
				4AC21FB227DF3FA900D0DDBC /* PBXTargetDependency */,
			);
			name = test01UITests;
			productName = test01UITests;
			productReference = 4AC21FB027DF3FA900D0DDBC /* test01UITests.xctest */;
			productType = "com.apple.product-type.bundle.ui-testing";
		};
/* End PBXNativeTarget section */

/* Begin PBXProject section */
		4AC21F8D27DF3FA600D0DDBC /* Project object */ = {
			isa = PBXProject;
			attributes = {
				BuildIndependentTargetsInParallel = 1;
				LastSwiftUpdateCheck = 1320;
				LastUpgradeCheck = 1330;
				TargetAttributes = {
					4AC21F9427DF3FA600D0DDBC = {
						CreatedOnToolsVersion = 13.2.1;
					};
					4AC21FA527DF3FA900D0DDBC = {
						CreatedOnToolsVersion = 13.2.1;
						TestTargetID = 4AC21F9427DF3FA600D0DDBC;
					};
					4AC21FAF27DF3FA900D0DDBC = {
						CreatedOnToolsVersion = 13.2.1;
						TestTargetID = 4AC21F9427DF3FA600D0DDBC;
					};
				};
			};
			buildConfigurationList = 4AC21F9027DF3FA600D0DDBC /* Build configuration list for PBXProject "test01" */;
			compatibilityVersion = "Xcode 13.0";
			developmentRegion = en;
			hasScannedForEncodings = 0;
			knownRegions = (
				en,
				Base,
			);
			mainGroup = 4AC21F8C27DF3FA600D0DDBC;
			productRefGroup = 4AC21F9627DF3FA600D0DDBC /* Products */;
			projectDirPath = "";
			projectRoot = "";
			targets = (
				4AC21F9427DF3FA600D0DDBC /* test01 */,
				4AC21FA527DF3FA900D0DDBC /* test01Tests */,
				4AC21FAF27DF3FA900D0DDBC /* test01UITests */,
			);
		};
/* End PBXProject section */

/* Begin PBXResourcesBuildPhase section */
		4AC21F9327DF3FA600D0DDBC /* Resources */ = {
			isa = PBXResourcesBuildPhase;
			buildActionMask = 2147483647;
			files = (
				4AD561CC27E5D5FC000171B0 /* hikeData.json in Resources */,
				4AC21FA027DF3FA800D0DDBC /* Preview Assets.xcassets in Resources */,
				4AC21F9D27DF3FA800D0DDBC /* Assets.xcassets in Resources */,
				4AD561AE27E2D076000171B0 /* landmarkData.json in Resources */,
			);
			runOnlyForDeploymentPostprocessing = 0;
		};
		4AC21FA427DF3FA900D0DDBC /* Resources */ = {
			isa = PBXResourcesBuildPhase;
			buildActionMask = 2147483647;
			files = (
			);
			runOnlyForDeploymentPostprocessing = 0;
		};
		4AC21FAE27DF3FA900D0DDBC /* Resources */ = {
			isa = PBXResourcesBuildPhase;
			buildActionMask = 2147483647;
			files = (
			);
			runOnlyForDeploymentPostprocessing = 0;
		};
/* End PBXResourcesBuildPhase section */

/* Begin PBXSourcesBuildPhase section */
		4AC21F9127DF3FA600D0DDBC /* Sources */ = {
			isa = PBXSourcesBuildPhase;
			buildActionMask = 2147483647;
			files = (
				4AD561DC27E7F297000171B0 /* CategoryRow.swift in Sources */,
				4AD561E027E7FE3B000171B0 /* Profile.swift in Sources */,
				4AC21F9B27DF3FA600D0DDBC /* ContentView.swift in Sources */,
				4AD561DA27E6ED88000171B0 /* CategoryHome.swift in Sources */,
				4AD561EF27EAAEA0000171B0 /* FeatureCard.swift in Sources */,
				4AD561D527E5D734000171B0 /* HikeGraph.swift in Sources */,
				4AD561C927E5D2A7000171B0 /* Badge.swift in Sources */,
				4AC21FC627DF73BB00D0DDBC /* MapView.swift in Sources */,
				4AD561D427E5D734000171B0 /* GraphCapsule.swift in Sources */,
				4AC21F9927DF3FA600D0DDBC /* LandmarksApp.swift in Sources */,
				4AD561F327EAB692000171B0 /* PageControl.swift in Sources */,
				4AD561BD27E58E73000171B0 /* FavoriteButton.swift in Sources */,
				4AD561DE27E7F44B000171B0 /* CategoryItem.swift in Sources */,
				4AD561D627E5D734000171B0 /* HikeDetail.swift in Sources */,
				4AD561E427E81D8A000171B0 /* ProfileSummary.swift in Sources */,
				4AD561C127E5C73F000171B0 /* HexagonParameters.swift in Sources */,
				4AD561E227E7FF34000171B0 /* ProfileHost.swift in Sources */,
				4AD561CE27E5D61F000171B0 /* Hike.swift in Sources */,
				4AD561C727E5D234000171B0 /* RotatedBadgeSymbol.swift in Sources */,
				4AD561F127EAB4CA000171B0 /* PageView.swift in Sources */,
				4AD561C527E5D00D000171B0 /* BadgeSymbol.swift in Sources */,
				4AD561E827EA19C4000171B0 /* ProfileEditor.swift in Sources */,
				4AD561B927E2D8E2000171B0 /* LandmarkList.swift in Sources */,
				4AD561D727E5D734000171B0 /* HikeView.swift in Sources */,
				4AD561BB27E2DA0D000171B0 /* LandmarkDetail.swift in Sources */,
				4AD561ED27EAABC3000171B0 /* PageViewController.swift in Sources */,
				4AC21FC427DF72C200D0DDBC /* CircleImage.swift in Sources */,
				4AD561E627E81EE3000171B0 /* HikeBadge.swift in Sources */,
				4AD561B027E2D0AA000171B0 /* Landmark.swift in Sources */,
				4AD561B727E2D648000171B0 /* LandmarkRow.swift in Sources */,
				4AD561B227E2D229000171B0 /* ModelData.swift in Sources */,
				4AD561C327E5CA45000171B0 /* Badgebackground.swift in Sources */,
			);
			runOnlyForDeploymentPostprocessing = 0;
		};
		4AC21FA227DF3FA900D0DDBC /* Sources */ = {
			isa = PBXSourcesBuildPhase;
			buildActionMask = 2147483647;
			files = (
				4AC21FAB27DF3FA900D0DDBC /* test01Tests.swift in Sources */,
			);
			runOnlyForDeploymentPostprocessing = 0;
		};
		4AC21FAC27DF3FA900D0DDBC /* Sources */ = {
			isa = PBXSourcesBuildPhase;
			buildActionMask = 2147483647;
			files = (
				4AC21FB527DF3FA900D0DDBC /* test01UITests.swift in Sources */,
				4AC21FB727DF3FA900D0DDBC /* test01UITestsLaunchTests.swift in Sources */,
			);
			runOnlyForDeploymentPostprocessing = 0;
		};
/* End PBXSourcesBuildPhase section */

/* Begin PBXTargetDependency section */
		4AC21FA827DF3FA900D0DDBC /* PBXTargetDependency */ = {
			isa = PBXTargetDependency;
			target = 4AC21F9427DF3FA600D0DDBC /* test01 */;
			targetProxy = 4AC21FA727DF3FA900D0DDBC /* PBXContainerItemProxy */;
		};
		4AC21FB227DF3FA900D0DDBC /* PBXTargetDependency */ = {
			isa = PBXTargetDependency;
			target = 4AC21F9427DF3FA600D0DDBC /* test01 */;
			targetProxy = 4AC21FB127DF3FA900D0DDBC /* PBXContainerItemProxy */;
		};
/* End PBXTargetDependency section */

/* Begin XCBuildConfiguration section */
		4AC21FB827DF3FA900D0DDBC /* Debug */ = {
			isa = XCBuildConfiguration;
			buildSettings = {
				ALWAYS_SEARCH_USER_PATHS = NO;
				CLANG_ANALYZER_NONNULL = YES;
				CLANG_ANALYZER_NUMBER_OBJECT_CONVERSION = YES_AGGRESSIVE;
				CLANG_CXX_LANGUAGE_STANDARD = "gnu++17";
				CLANG_CXX_LIBRARY = "libc++";
				CLANG_ENABLE_MODULES = YES;
				CLANG_ENABLE_OBJC_ARC = YES;
				CLANG_ENABLE_OBJC_WEAK = YES;
				CLANG_WARN_BLOCK_CAPTURE_AUTORELEASING = YES;
				CLANG_WARN_BOOL_CONVERSION = YES;
				CLANG_WARN_COMMA = YES;
				CLANG_WARN_CONSTANT_CONVERSION = YES;
				CLANG_WARN_DEPRECATED_OBJC_IMPLEMENTATIONS = YES;
				CLANG_WARN_DIRECT_OBJC_ISA_USAGE = YES_ERROR;
				CLANG_WARN_DOCUMENTATION_COMMENTS = YES;
				CLANG_WARN_EMPTY_BODY = YES;
				CLANG_WARN_ENUM_CONVERSION = YES;
				CLANG_WARN_INFINITE_RECURSION = YES;
				CLANG_WARN_INT_CONVERSION = YES;
				CLANG_WARN_NON_LITERAL_NULL_CONVERSION = YES;
				CLANG_WARN_OBJC_IMPLICIT_RETAIN_SELF = YES;
				CLANG_WARN_OBJC_LITERAL_CONVERSION = YES;
				CLANG_WARN_OBJC_ROOT_CLASS = YES_ERROR;
				CLANG_WARN_QUOTED_INCLUDE_IN_FRAMEWORK_HEADER = YES;
				CLANG_WARN_RANGE_LOOP_ANALYSIS = YES;
				CLANG_WARN_STRICT_PROTOTYPES = YES;
				CLANG_WARN_SUSPICIOUS_MOVE = YES;
				CLANG_WARN_UNGUARDED_AVAILABILITY = YES_AGGRESSIVE;
				CLANG_WARN_UNREACHABLE_CODE = YES;
				CLANG_WARN__DUPLICATE_METHOD_MATCH = YES;
				COPY_PHASE_STRIP = NO;
				DEBUG_INFORMATION_FORMAT = dwarf;
				ENABLE_STRICT_OBJC_MSGSEND = YES;
				ENABLE_TESTABILITY = YES;
				GCC_C_LANGUAGE_STANDARD = gnu11;
				GCC_DYNAMIC_NO_PIC = NO;
				GCC_NO_COMMON_BLOCKS = YES;
				GCC_OPTIMIZATION_LEVEL = 0;
				GCC_PREPROCESSOR_DEFINITIONS = (
					"DEBUG=1",
					"$(inherited)",
				);
				GCC_WARN_64_TO_32_BIT_CONVERSION = YES;
				GCC_WARN_ABOUT_RETURN_TYPE = YES_ERROR;
				GCC_WARN_UNDECLARED_SELECTOR = YES;
				GCC_WARN_UNINITIALIZED_AUTOS = YES_AGGRESSIVE;
				GCC_WARN_UNUSED_FUNCTION = YES;
				GCC_WARN_UNUSED_VARIABLE = YES;
				MACOSX_DEPLOYMENT_TARGET = 12.3;
				MTL_ENABLE_DEBUG_INFO = INCLUDE_SOURCE;
				MTL_FAST_MATH = YES;
				ONLY_ACTIVE_ARCH = YES;
				SDKROOT = macosx;
				SWIFT_ACTIVE_COMPILATION_CONDITIONS = DEBUG;
				SWIFT_OPTIMIZATION_LEVEL = "-Onone";
			};
			name = Debug;
		};
		4AC21FB927DF3FA900D0DDBC /* Release */ = {
			isa = XCBuildConfiguration;
			buildSettings = {
				ALWAYS_SEARCH_USER_PATHS = NO;
				CLANG_ANALYZER_NONNULL = YES;
				CLANG_ANALYZER_NUMBER_OBJECT_CONVERSION = YES_AGGRESSIVE;
				CLANG_CXX_LANGUAGE_STANDARD = "gnu++17";
				CLANG_CXX_LIBRARY = "libc++";
				CLANG_ENABLE_MODULES = YES;
				CLANG_ENABLE_OBJC_ARC = YES;
				CLANG_ENABLE_OBJC_WEAK = YES;
				CLANG_WARN_BLOCK_CAPTURE_AUTORELEASING = YES;
				CLANG_WARN_BOOL_CONVERSION = YES;
				CLANG_WARN_COMMA = YES;
				CLANG_WARN_CONSTANT_CONVERSION = YES;
				CLANG_WARN_DEPRECATED_OBJC_IMPLEMENTATIONS = YES;
				CLANG_WARN_DIRECT_OBJC_ISA_USAGE = YES_ERROR;
				CLANG_WARN_DOCUMENTATION_COMMENTS = YES;
				CLANG_WARN_EMPTY_BODY = YES;
				CLANG_WARN_ENUM_CONVERSION = YES;
				CLANG_WARN_INFINITE_RECURSION = YES;
				CLANG_WARN_INT_CONVERSION = YES;
				CLANG_WARN_NON_LITERAL_NULL_CONVERSION = YES;
				CLANG_WARN_OBJC_IMPLICIT_RETAIN_SELF = YES;
				CLANG_WARN_OBJC_LITERAL_CONVERSION = YES;
				CLANG_WARN_OBJC_ROOT_CLASS = YES_ERROR;
				CLANG_WARN_QUOTED_INCLUDE_IN_FRAMEWORK_HEADER = YES;
				CLANG_WARN_RANGE_LOOP_ANALYSIS = YES;
				CLANG_WARN_STRICT_PROTOTYPES = YES;
				CLANG_WARN_SUSPICIOUS_MOVE = YES;
				CLANG_WARN_UNGUARDED_AVAILABILITY = YES_AGGRESSIVE;
				CLANG_WARN_UNREACHABLE_CODE = YES;
				CLANG_WARN__DUPLICATE_METHOD_MATCH = YES;
				COPY_PHASE_STRIP = NO;
				DEBUG_INFORMATION_FORMAT = "dwarf-with-dsym";
				ENABLE_NS_ASSERTIONS = NO;
				ENABLE_STRICT_OBJC_MSGSEND = YES;
				GCC_C_LANGUAGE_STANDARD = gnu11;
				GCC_NO_COMMON_BLOCKS = YES;
				GCC_WARN_64_TO_32_BIT_CONVERSION = YES;
				GCC_WARN_ABOUT_RETURN_TYPE = YES_ERROR;
				GCC_WARN_UNDECLARED_SELECTOR = YES;
				GCC_WARN_UNINITIALIZED_AUTOS = YES_AGGRESSIVE;
				GCC_WARN_UNUSED_FUNCTION = YES;
				GCC_WARN_UNUSED_VARIABLE = YES;
				MACOSX_DEPLOYMENT_TARGET = 12.3;
				MTL_ENABLE_DEBUG_INFO = NO;
				MTL_FAST_MATH = YES;
				SDKROOT = macosx;
				SWIFT_COMPILATION_MODE = wholemodule;
				SWIFT_OPTIMIZATION_LEVEL = "-O";
			};
			name = Release;
		};
		4AC21FBB27DF3FA900D0DDBC /* Debug */ = {
			isa = XCBuildConfiguration;
			buildSettings = {
				ASSETCATALOG_COMPILER_APPICON_NAME = AppIcon;
				ASSETCATALOG_COMPILER_GLOBAL_ACCENT_COLOR_NAME = AccentColor;
				CODE_SIGN_ENTITLEMENTS = test01/test01.entitlements;
				CODE_SIGN_IDENTITY = "-";
				CODE_SIGN_STYLE = Automatic;
				COMBINE_HIDPI_IMAGES = YES;
				CURRENT_PROJECT_VERSION = 1;
				DEVELOPMENT_ASSET_PATHS = "\"test01/Preview Content\"";
				ENABLE_PREVIEWS = YES;
				GENERATE_INFOPLIST_FILE = YES;
				INFOPLIST_KEY_NSHumanReadableCopyright = "";
				LD_RUNPATH_SEARCH_PATHS = (
					"$(inherited)",
					"@executable_path/../Frameworks",
				);
				MACOSX_DEPLOYMENT_TARGET = 12.3;
				MARKETING_VERSION = 1.0;
				PRODUCT_BUNDLE_IDENTIFIER = jisu.test01;
				PRODUCT_NAME = "$(TARGET_NAME)";
				SWIFT_EMIT_LOC_STRINGS = YES;
				SWIFT_VERSION = 5.0;
			};
			name = Debug;
		};
		4AC21FBC27DF3FA900D0DDBC /* Release */ = {
			isa = XCBuildConfiguration;
			buildSettings = {
				ASSETCATALOG_COMPILER_APPICON_NAME = AppIcon;
				ASSETCATALOG_COMPILER_GLOBAL_ACCENT_COLOR_NAME = AccentColor;
				CODE_SIGN_ENTITLEMENTS = test01/test01.entitlements;
				CODE_SIGN_IDENTITY = "-";
				CODE_SIGN_STYLE = Automatic;
				COMBINE_HIDPI_IMAGES = YES;
				CURRENT_PROJECT_VERSION = 1;
				DEVELOPMENT_ASSET_PATHS = "\"test01/Preview Content\"";
				ENABLE_PREVIEWS = YES;
				GENERATE_INFOPLIST_FILE = YES;
				INFOPLIST_KEY_NSHumanReadableCopyright = "";
				LD_RUNPATH_SEARCH_PATHS = (
					"$(inherited)",
					"@executable_path/../Frameworks",
				);
				MACOSX_DEPLOYMENT_TARGET = 12.3;
				MARKETING_VERSION = 1.0;
				PRODUCT_BUNDLE_IDENTIFIER = jisu.test01;
				PRODUCT_NAME = "$(TARGET_NAME)";
				SWIFT_EMIT_LOC_STRINGS = YES;
				SWIFT_VERSION = 5.0;
			};
			name = Release;
		};
		4AC21FBE27DF3FA900D0DDBC /* Debug */ = {
			isa = XCBuildConfiguration;
			buildSettings = {
				ALWAYS_EMBED_SWIFT_STANDARD_LIBRARIES = YES;
				BUNDLE_LOADER = "$(TEST_HOST)";
				CODE_SIGN_STYLE = Automatic;
				CURRENT_PROJECT_VERSION = 1;
				GENERATE_INFOPLIST_FILE = YES;
				MACOSX_DEPLOYMENT_TARGET = 12.1;
				MARKETING_VERSION = 1.0;
				PRODUCT_BUNDLE_IDENTIFIER = jisu.test01Tests;
				PRODUCT_NAME = "$(TARGET_NAME)";
				SWIFT_EMIT_LOC_STRINGS = NO;
				SWIFT_VERSION = 5.0;
				TEST_HOST = "$(BUILT_PRODUCTS_DIR)/test01.app/Contents/MacOS/test01";
			};
			name = Debug;
		};
		4AC21FBF27DF3FA900D0DDBC /* Release */ = {
			isa = XCBuildConfiguration;
			buildSettings = {
				ALWAYS_EMBED_SWIFT_STANDARD_LIBRARIES = YES;
				BUNDLE_LOADER = "$(TEST_HOST)";
				CODE_SIGN_STYLE = Automatic;
				CURRENT_PROJECT_VERSION = 1;
				GENERATE_INFOPLIST_FILE = YES;
				MACOSX_DEPLOYMENT_TARGET = 12.1;
				MARKETING_VERSION = 1.0;
				PRODUCT_BUNDLE_IDENTIFIER = jisu.test01Tests;
				PRODUCT_NAME = "$(TARGET_NAME)";
				SWIFT_EMIT_LOC_STRINGS = NO;
				SWIFT_VERSION = 5.0;
				TEST_HOST = "$(BUILT_PRODUCTS_DIR)/test01.app/Contents/MacOS/test01";
			};
			name = Release;
		};
		4AC21FC127DF3FA900D0DDBC /* Debug */ = {
			isa = XCBuildConfiguration;
			buildSettings = {
				ALWAYS_EMBED_SWIFT_STANDARD_LIBRARIES = YES;
				CODE_SIGN_STYLE = Automatic;
				CURRENT_PROJECT_VERSION = 1;
				GENERATE_INFOPLIST_FILE = YES;
				MARKETING_VERSION = 1.0;
				PRODUCT_BUNDLE_IDENTIFIER = jisu.test01UITests;
				PRODUCT_NAME = "$(TARGET_NAME)";
				SWIFT_EMIT_LOC_STRINGS = NO;
				SWIFT_VERSION = 5.0;
				TEST_TARGET_NAME = test01;
			};
			name = Debug;
		};
		4AC21FC227DF3FA900D0DDBC /* Release */ = {
			isa = XCBuildConfiguration;
			buildSettings = {
				ALWAYS_EMBED_SWIFT_STANDARD_LIBRARIES = YES;
				CODE_SIGN_STYLE = Automatic;
				CURRENT_PROJECT_VERSION = 1;
				GENERATE_INFOPLIST_FILE = YES;
				MARKETING_VERSION = 1.0;
				PRODUCT_BUNDLE_IDENTIFIER = jisu.test01UITests;
				PRODUCT_NAME = "$(TARGET_NAME)";
				SWIFT_EMIT_LOC_STRINGS = NO;
				SWIFT_VERSION = 5.0;
				TEST_TARGET_NAME = test01;
			};
			name = Release;
		};
/* End XCBuildConfiguration section */

/* Begin XCConfigurationList section */
		4AC21F9027DF3FA600D0DDBC /* Build configuration list for PBXProject "test01" */ = {
			isa = XCConfigurationList;
			buildConfigurations = (
				4AC21FB827DF3FA900D0DDBC /* Debug */,
				4AC21FB927DF3FA900D0DDBC /* Release */,
			);
			defaultConfigurationIsVisible = 0;
			defaultConfigurationName = Release;
		};
		4AC21FBA27DF3FA900D0DDBC /* Build configuration list for PBXNativeTarget "test01" */ = {
			isa = XCConfigurationList;
			buildConfigurations = (
				4AC21FBB27DF3FA900D0DDBC /* Debug */,
				4AC21FBC27DF3FA900D0DDBC /* Release */,
			);
			defaultConfigurationIsVisible = 0;
			defaultConfigurationName = Release;
		};
		4AC21FBD27DF3FA900D0DDBC /* Build configuration list for PBXNativeTarget "test01Tests" */ = {
			isa = XCConfigurationList;
			buildConfigurations = (
				4AC21FBE27DF3FA900D0DDBC /* Debug */,
				4AC21FBF27DF3FA900D0DDBC /* Release */,
			);
			defaultConfigurationIsVisible = 0;
			defaultConfigurationName = Release;
		};
		4AC21FC027DF3FA900D0DDBC /* Build configuration list for PBXNativeTarget "test01UITests" */ = {
			isa = XCConfigurationList;
			buildConfigurations = (
				4AC21FC127DF3FA900D0DDBC /* Debug */,
				4AC21FC227DF3FA900D0DDBC /* Release */,
			);
			defaultConfigurationIsVisible = 0;
			defaultConfigurationName = Release;
		};
/* End XCConfigurationList section */
	};
	rootObject = 4AC21F8D27DF3FA600D0DDBC /* Project object */;
}
